// !$*UTF8*$!
{
	archiveVersion = 1;
	classes = {
	};
	objectVersion = 56;
	objects = {

/* Begin PBXBuildFile section */
		E20406BF2AE3A0FF00A740B2 /* PasscodeView.swift in Sources */ = {isa = PBXBuildFile; fileRef = E20406BE2AE3A0FF00A740B2 /* PasscodeView.swift */; };
		E20406C12AE3A62600A740B2 /* SettingsView.swift in Sources */ = {isa = PBXBuildFile; fileRef = E20406C02AE3A62600A740B2 /* SettingsView.swift */; };
		E20406C32AE3A83000A740B2 /* HistoryView.swift in Sources */ = {isa = PBXBuildFile; fileRef = E20406C22AE3A83000A740B2 /* HistoryView.swift */; };
		E25D1DB92C203C8800C06E19 /* Cepheus in Frameworks */ = {isa = PBXBuildFile; productRef = E25D1DB82C203C8800C06E19 /* Cepheus */; };
		E25EA8312B6BEC0B00BFEC6E /* BookmarksView.swift in Sources */ = {isa = PBXBuildFile; fileRef = E25EA8302B6BEC0B00BFEC6E /* BookmarksView.swift */; };
		E25EA8332B6C013500BFEC6E /* Localizable.xcstrings in Resources */ = {isa = PBXBuildFile; fileRef = E25EA8322B6C013500BFEC6E /* Localizable.xcstrings */; };
		E25EA8352B6C028200BFEC6E /* AboutView.swift in Sources */ = {isa = PBXBuildFile; fileRef = E25EA8342B6C028200BFEC6E /* AboutView.swift */; };
		E25EA83D2B713FF700BFEC6E /* CarinaView.swift in Sources */ = {isa = PBXBuildFile; fileRef = E25EA83C2B713FF700BFEC6E /* CarinaView.swift */; };
		E25EA83F2B71423A00BFEC6E /* CarinaNewView.swift in Sources */ = {isa = PBXBuildFile; fileRef = E25EA83E2B71423A00BFEC6E /* CarinaNewView.swift */; };
		E25EA8412B72013100BFEC6E /* CarinaDetailView.swift in Sources */ = {isa = PBXBuildFile; fileRef = E25EA8402B72013100BFEC6E /* CarinaDetailView.swift */; };
		E29B83D32BB44530003F1F24 /* Localizable.xcstrings in Resources */ = {isa = PBXBuildFile; fileRef = E25EA8322B6C013500BFEC6E /* Localizable.xcstrings */; };
		E29B83D82BB4580B003F1F24 /* PrivacyInfo.xcprivacy in Resources */ = {isa = PBXBuildFile; fileRef = E29B83D62BB457FE003F1F24 /* PrivacyInfo.xcprivacy */; };
		E2B2A4E92AE16A4C005E73AB /* Project Iris Watch App.app in Embed Watch Content */ = {isa = PBXBuildFile; fileRef = E2B2A4E82AE16A4C005E73AB /* Project Iris Watch App.app */; settings = {ATTRIBUTES = (RemoveHeadersOnCopy, ); }; };
		E2B2A4EE2AE16A4C005E73AB /* Project_IrisApp.swift in Sources */ = {isa = PBXBuildFile; fileRef = E2B2A4ED2AE16A4C005E73AB /* Project_IrisApp.swift */; };
		E2B2A4F02AE16A4C005E73AB /* ContentView.swift in Sources */ = {isa = PBXBuildFile; fileRef = E2B2A4EF2AE16A4C005E73AB /* ContentView.swift */; };
		E2B2A4F22AE16A4D005E73AB /* Assets.xcassets in Resources */ = {isa = PBXBuildFile; fileRef = E2B2A4F12AE16A4D005E73AB /* Assets.xcassets */; };
		E2B2A4F52AE16A4D005E73AB /* Preview Assets.xcassets in Resources */ = {isa = PBXBuildFile; fileRef = E2B2A4F42AE16A4D005E73AB /* Preview Assets.xcassets */; };
		E2B2A4FF2AE16A4D005E73AB /* Project_Iris_Watch_AppTests.swift in Sources */ = {isa = PBXBuildFile; fileRef = E2B2A4FE2AE16A4D005E73AB /* Project_Iris_Watch_AppTests.swift */; };
		E2B2A5092AE16A4D005E73AB /* Project_Iris_Watch_AppUITests.swift in Sources */ = {isa = PBXBuildFile; fileRef = E2B2A5082AE16A4D005E73AB /* Project_Iris_Watch_AppUITests.swift */; };
		E2B2A50B2AE16A4D005E73AB /* Project_Iris_Watch_AppUITestsLaunchTests.swift in Sources */ = {isa = PBXBuildFile; fileRef = E2B2A50A2AE16A4D005E73AB /* Project_Iris_Watch_AppUITestsLaunchTests.swift */; };
		E2ED59C22C305916007F04AD /* Vela in Frameworks */ = {isa = PBXBuildFile; productRef = E2ED59C12C305916007F04AD /* Vela */; };
		E912A35A2C5BEA9D004D9038 /* SettingsInterfaceView.swift in Sources */ = {isa = PBXBuildFile; fileRef = E912A3592C5BEA9D004D9038 /* SettingsInterfaceView.swift */; };
		E94DE8B22C50EA1D00EE5500 /* Pictor in Frameworks */ = {isa = PBXBuildFile; productRef = E94DE8B12C50EA1D00EE5500 /* Pictor */; };
		E97CF4422C3D8075006E6A5B /* TopLevelDomainList.txt in Resources */ = {isa = PBXBuildFile; fileRef = E97CF4412C3D8075006E6A5B /* TopLevelDomainList.txt */; };
		E9BAFE322C5A0FF700B24FDE /* Pictor in Frameworks */ = {isa = PBXBuildFile; productRef = E9BAFE312C5A0FF700B24FDE /* Pictor */; };
		E9BAFE352C5A100D00B24FDE /* Vela in Frameworks */ = {isa = PBXBuildFile; productRef = E9BAFE342C5A100D00B24FDE /* Vela */; };
		E9BAFE382C5A10A300B24FDE /* Cepheus in Frameworks */ = {isa = PBXBuildFile; productRef = E9BAFE372C5A10A300B24FDE /* Cepheus */; };
		E9CE39E92C312B2F00C773A3 /* Cepheus in Frameworks */ = {isa = PBXBuildFile; productRef = E9CE39E82C312B2F00C773A3 /* Cepheus */; };
		E9E21FDC2C3AED4100C8161C /* NewFearturesView.swift in Sources */ = {isa = PBXBuildFile; fileRef = E9E21FDB2C3AED4100C8161C /* NewFearturesView.swift */; };
		E9EBFB8C2C39520C00E16268 /* CreditView.swift in Sources */ = {isa = PBXBuildFile; fileRef = E9EBFB8B2C39520C00E16268 /* CreditView.swift */; };
		E9F619BD2C4104DD00B754A3 /* unlockTip.wav in Resources */ = {isa = PBXBuildFile; fileRef = E9F619BC2C4104DD00B754A3 /* unlockTip.wav */; };
/* End PBXBuildFile section */

/* Begin PBXContainerItemProxy section */
		E2B2A4EA2AE16A4C005E73AB /* PBXContainerItemProxy */ = {
			isa = PBXContainerItemProxy;
			containerPortal = E2B2A4DC2AE16A4C005E73AB /* Project object */;
			proxyType = 1;
			remoteGlobalIDString = E2B2A4E72AE16A4C005E73AB;
			remoteInfo = "Project Iris Watch App";
		};
		E2B2A4FB2AE16A4D005E73AB /* PBXContainerItemProxy */ = {
			isa = PBXContainerItemProxy;
			containerPortal = E2B2A4DC2AE16A4C005E73AB /* Project object */;
			proxyType = 1;
			remoteGlobalIDString = E2B2A4E72AE16A4C005E73AB;
			remoteInfo = "Project Iris Watch App";
		};
		E2B2A5052AE16A4D005E73AB /* PBXContainerItemProxy */ = {
			isa = PBXContainerItemProxy;
			containerPortal = E2B2A4DC2AE16A4C005E73AB /* Project object */;
			proxyType = 1;
			remoteGlobalIDString = E2B2A4E72AE16A4C005E73AB;
			remoteInfo = "Project Iris Watch App";
		};
/* End PBXContainerItemProxy section */

/* Begin PBXCopyFilesBuildPhase section */
		E2B2A5112AE16A4D005E73AB /* Embed Watch Content */ = {
			isa = PBXCopyFilesBuildPhase;
			buildActionMask = 2147483647;
			dstPath = "$(CONTENTS_FOLDER_PATH)/Watch";
			dstSubfolderSpec = 16;
			files = (
				E2B2A4E92AE16A4C005E73AB /* Project Iris Watch App.app in Embed Watch Content */,
			);
			name = "Embed Watch Content";
			runOnlyForDeploymentPostprocessing = 0;
		};
/* End PBXCopyFilesBuildPhase section */

/* Begin PBXFileReference section */
		E20406BE2AE3A0FF00A740B2 /* PasscodeView.swift */ = {isa = PBXFileReference; lastKnownFileType = sourcecode.swift; path = PasscodeView.swift; sourceTree = "<group>"; };
		E20406C02AE3A62600A740B2 /* SettingsView.swift */ = {isa = PBXFileReference; lastKnownFileType = sourcecode.swift; path = SettingsView.swift; sourceTree = "<group>"; };
		E20406C22AE3A83000A740B2 /* HistoryView.swift */ = {isa = PBXFileReference; lastKnownFileType = sourcecode.swift; path = HistoryView.swift; sourceTree = "<group>"; };
		E25EA8302B6BEC0B00BFEC6E /* BookmarksView.swift */ = {isa = PBXFileReference; lastKnownFileType = sourcecode.swift; path = BookmarksView.swift; sourceTree = "<group>"; };
		E25EA8322B6C013500BFEC6E /* Localizable.xcstrings */ = {isa = PBXFileReference; lastKnownFileType = text.json.xcstrings; path = Localizable.xcstrings; sourceTree = "<group>"; };
		E25EA8342B6C028200BFEC6E /* AboutView.swift */ = {isa = PBXFileReference; lastKnownFileType = sourcecode.swift; path = AboutView.swift; sourceTree = "<group>"; };
		E25EA83C2B713FF700BFEC6E /* CarinaView.swift */ = {isa = PBXFileReference; lastKnownFileType = sourcecode.swift; path = CarinaView.swift; sourceTree = "<group>"; };
		E25EA83E2B71423A00BFEC6E /* CarinaNewView.swift */ = {isa = PBXFileReference; lastKnownFileType = sourcecode.swift; path = CarinaNewView.swift; sourceTree = "<group>"; };
		E25EA8402B72013100BFEC6E /* CarinaDetailView.swift */ = {isa = PBXFileReference; lastKnownFileType = sourcecode.swift; path = CarinaDetailView.swift; sourceTree = "<group>"; };
		E29B83D62BB457FE003F1F24 /* PrivacyInfo.xcprivacy */ = {isa = PBXFileReference; lastKnownFileType = text.xml; path = PrivacyInfo.xcprivacy; sourceTree = "<group>"; };
		E2A6170F2C203B4500E5C1D6 /* Project-Iris-Watch-App-Info.plist */ = {isa = PBXFileReference; lastKnownFileType = text.plist; path = "Project-Iris-Watch-App-Info.plist"; sourceTree = SOURCE_ROOT; };
		E2B2A4E22AE16A4C005E73AB /* Project Iris.app */ = {isa = PBXFileReference; explicitFileType = wrapper.application; includeInIndex = 0; path = "Project Iris.app"; sourceTree = BUILT_PRODUCTS_DIR; };
		E2B2A4E82AE16A4C005E73AB /* Project Iris Watch App.app */ = {isa = PBXFileReference; explicitFileType = wrapper.application; includeInIndex = 0; path = "Project Iris Watch App.app"; sourceTree = BUILT_PRODUCTS_DIR; };
		E2B2A4ED2AE16A4C005E73AB /* Project_IrisApp.swift */ = {isa = PBXFileReference; lastKnownFileType = sourcecode.swift; path = Project_IrisApp.swift; sourceTree = "<group>"; };
		E2B2A4EF2AE16A4C005E73AB /* ContentView.swift */ = {isa = PBXFileReference; lastKnownFileType = sourcecode.swift; path = ContentView.swift; sourceTree = "<group>"; };
		E2B2A4F12AE16A4D005E73AB /* Assets.xcassets */ = {isa = PBXFileReference; lastKnownFileType = folder.assetcatalog; path = Assets.xcassets; sourceTree = "<group>"; };
		E2B2A4F42AE16A4D005E73AB /* Preview Assets.xcassets */ = {isa = PBXFileReference; lastKnownFileType = folder.assetcatalog; path = "Preview Assets.xcassets"; sourceTree = "<group>"; };
		E2B2A4FA2AE16A4D005E73AB /* Project Iris Watch AppTests.xctest */ = {isa = PBXFileReference; explicitFileType = wrapper.cfbundle; includeInIndex = 0; path = "Project Iris Watch AppTests.xctest"; sourceTree = BUILT_PRODUCTS_DIR; };
		E2B2A4FE2AE16A4D005E73AB /* Project_Iris_Watch_AppTests.swift */ = {isa = PBXFileReference; lastKnownFileType = sourcecode.swift; path = Project_Iris_Watch_AppTests.swift; sourceTree = "<group>"; };
		E2B2A5042AE16A4D005E73AB /* Project Iris Watch AppUITests.xctest */ = {isa = PBXFileReference; explicitFileType = wrapper.cfbundle; includeInIndex = 0; path = "Project Iris Watch AppUITests.xctest"; sourceTree = BUILT_PRODUCTS_DIR; };
		E2B2A5082AE16A4D005E73AB /* Project_Iris_Watch_AppUITests.swift */ = {isa = PBXFileReference; lastKnownFileType = sourcecode.swift; path = Project_Iris_Watch_AppUITests.swift; sourceTree = "<group>"; };
		E2B2A50A2AE16A4D005E73AB /* Project_Iris_Watch_AppUITestsLaunchTests.swift */ = {isa = PBXFileReference; lastKnownFileType = sourcecode.swift; path = Project_Iris_Watch_AppUITestsLaunchTests.swift; sourceTree = "<group>"; };
		E912A3592C5BEA9D004D9038 /* SettingsInterfaceView.swift */ = {isa = PBXFileReference; lastKnownFileType = sourcecode.swift; path = SettingsInterfaceView.swift; sourceTree = "<group>"; };
		E97CF4412C3D8075006E6A5B /* TopLevelDomainList.txt */ = {isa = PBXFileReference; lastKnownFileType = text; path = TopLevelDomainList.txt; sourceTree = "<group>"; };
		E97CF4432C3DAA84006E6A5B /* Project Iris Watch App.entitlements */ = {isa = PBXFileReference; lastKnownFileType = text.plist.entitlements; path = "Project Iris Watch App.entitlements"; sourceTree = "<group>"; };
		E9E21FDB2C3AED4100C8161C /* NewFearturesView.swift */ = {isa = PBXFileReference; lastKnownFileType = sourcecode.swift; path = NewFearturesView.swift; sourceTree = "<group>"; };
		E9EBFB8B2C39520C00E16268 /* CreditView.swift */ = {isa = PBXFileReference; lastKnownFileType = sourcecode.swift; path = CreditView.swift; sourceTree = "<group>"; };
		E9F619BC2C4104DD00B754A3 /* unlockTip.wav */ = {isa = PBXFileReference; lastKnownFileType = audio.wav; path = unlockTip.wav; sourceTree = "<group>"; };
/* End PBXFileReference section */

/* Begin PBXFrameworksBuildPhase section */
		E2B2A4E52AE16A4C005E73AB /* Frameworks */ = {
			isa = PBXFrameworksBuildPhase;
			buildActionMask = 2147483647;
			files = (
				E9BAFE322C5A0FF700B24FDE /* Pictor in Frameworks */,
				E9BAFE382C5A10A300B24FDE /* Cepheus in Frameworks */,
				E9CE39E92C312B2F00C773A3 /* Cepheus in Frameworks */,
				E9BAFE352C5A100D00B24FDE /* Vela in Frameworks */,
				E2ED59C22C305916007F04AD /* Vela in Frameworks */,
				E25D1DB92C203C8800C06E19 /* Cepheus in Frameworks */,
				E94DE8B22C50EA1D00EE5500 /* Pictor in Frameworks */,
			);
			runOnlyForDeploymentPostprocessing = 0;
		};
		E2B2A4F72AE16A4D005E73AB /* Frameworks */ = {
			isa = PBXFrameworksBuildPhase;
			buildActionMask = 2147483647;
			files = (
			);
			runOnlyForDeploymentPostprocessing = 0;
		};
		E2B2A5012AE16A4D005E73AB /* Frameworks */ = {
			isa = PBXFrameworksBuildPhase;
			buildActionMask = 2147483647;
			files = (
			);
			runOnlyForDeploymentPostprocessing = 0;
		};
/* End PBXFrameworksBuildPhase section */

/* Begin PBXGroup section */
		E2A617102C203B5400E5C1D6 /* Frameworks */ = {
			isa = PBXGroup;
			children = (
			);
			name = Frameworks;
			sourceTree = "<group>";
		};
		E2B2A4DB2AE16A4C005E73AB = {
			isa = PBXGroup;
			children = (
				E2B2A4EC2AE16A4C005E73AB /* Project Iris Watch App */,
				E2B2A4FD2AE16A4D005E73AB /* Project Iris Watch AppTests */,
				E2B2A5072AE16A4D005E73AB /* Project Iris Watch AppUITests */,
				E2B2A4E32AE16A4C005E73AB /* Products */,
				E2A617102C203B5400E5C1D6 /* Frameworks */,
			);
			sourceTree = "<group>";
		};
		E2B2A4E32AE16A4C005E73AB /* Products */ = {
			isa = PBXGroup;
			children = (
				E2B2A4E22AE16A4C005E73AB /* Project Iris.app */,
				E2B2A4E82AE16A4C005E73AB /* Project Iris Watch App.app */,
				E2B2A4FA2AE16A4D005E73AB /* Project Iris Watch AppTests.xctest */,
				E2B2A5042AE16A4D005E73AB /* Project Iris Watch AppUITests.xctest */,
			);
			name = Products;
			sourceTree = "<group>";
		};
		E2B2A4EC2AE16A4C005E73AB /* Project Iris Watch App */ = {
			isa = PBXGroup;
			children = (
				E97CF4432C3DAA84006E6A5B /* Project Iris Watch App.entitlements */,
				E2A6170F2C203B4500E5C1D6 /* Project-Iris-Watch-App-Info.plist */,
				E97CF4412C3D8075006E6A5B /* TopLevelDomainList.txt */,
				E9F619BC2C4104DD00B754A3 /* unlockTip.wav */,
				E2B2A4ED2AE16A4C005E73AB /* Project_IrisApp.swift */,
				E2B2A4EF2AE16A4C005E73AB /* ContentView.swift */,
				E20406C02AE3A62600A740B2 /* SettingsView.swift */,
				E20406BE2AE3A0FF00A740B2 /* PasscodeView.swift */,
				E25EA8342B6C028200BFEC6E /* AboutView.swift */,
				E912A3592C5BEA9D004D9038 /* SettingsInterfaceView.swift */,
				E9EBFB8B2C39520C00E16268 /* CreditView.swift */,
				E9E21FDB2C3AED4100C8161C /* NewFearturesView.swift */,
				E20406C22AE3A83000A740B2 /* HistoryView.swift */,
				E25EA8302B6BEC0B00BFEC6E /* BookmarksView.swift */,
				E25EA83C2B713FF700BFEC6E /* CarinaView.swift */,
				E25EA83E2B71423A00BFEC6E /* CarinaNewView.swift */,
				E25EA8402B72013100BFEC6E /* CarinaDetailView.swift */,
				E25EA8322B6C013500BFEC6E /* Localizable.xcstrings */,
				E2B2A4F12AE16A4D005E73AB /* Assets.xcassets */,
				E29B83D62BB457FE003F1F24 /* PrivacyInfo.xcprivacy */,
				E2B2A4F32AE16A4D005E73AB /* Preview Content */,
			);
			path = "Project Iris Watch App";
			sourceTree = "<group>";
		};
		E2B2A4F32AE16A4D005E73AB /* Preview Content */ = {
			isa = PBXGroup;
			children = (
				E2B2A4F42AE16A4D005E73AB /* Preview Assets.xcassets */,
			);
			path = "Preview Content";
			sourceTree = "<group>";
		};
		E2B2A4FD2AE16A4D005E73AB /* Project Iris Watch AppTests */ = {
			isa = PBXGroup;
			children = (
				E2B2A4FE2AE16A4D005E73AB /* Project_Iris_Watch_AppTests.swift */,
			);
			path = "Project Iris Watch AppTests";
			sourceTree = "<group>";
		};
		E2B2A5072AE16A4D005E73AB /* Project Iris Watch AppUITests */ = {
			isa = PBXGroup;
			children = (
				E2B2A5082AE16A4D005E73AB /* Project_Iris_Watch_AppUITests.swift */,
				E2B2A50A2AE16A4D005E73AB /* Project_Iris_Watch_AppUITestsLaunchTests.swift */,
			);
			path = "Project Iris Watch AppUITests";
			sourceTree = "<group>";
		};
/* End PBXGroup section */

/* Begin PBXNativeTarget section */
		E2B2A4E12AE16A4C005E73AB /* Project Iris */ = {
			isa = PBXNativeTarget;
			buildConfigurationList = E2B2A5122AE16A4D005E73AB /* Build configuration list for PBXNativeTarget "Project Iris" */;
			buildPhases = (
				E2B2A4E02AE16A4C005E73AB /* Resources */,
				E2B2A5112AE16A4D005E73AB /* Embed Watch Content */,
			);
			buildRules = (
			);
			dependencies = (
				E2B2A4EB2AE16A4C005E73AB /* PBXTargetDependency */,
			);
			name = "Project Iris";
			productName = "Project Iris";
			productReference = E2B2A4E22AE16A4C005E73AB /* Project Iris.app */;
			productType = "com.apple.product-type.application.watchapp2-container";
		};
		E2B2A4E72AE16A4C005E73AB /* Project Iris Watch App */ = {
			isa = PBXNativeTarget;
			buildConfigurationList = E2B2A50E2AE16A4D005E73AB /* Build configuration list for PBXNativeTarget "Project Iris Watch App" */;
			buildPhases = (
				E2B2A4E42AE16A4C005E73AB /* Sources */,
				E2B2A4E52AE16A4C005E73AB /* Frameworks */,
				E2B2A4E62AE16A4C005E73AB /* Resources */,
			);
			buildRules = (
			);
			dependencies = (
			);
			name = "Project Iris Watch App";
			packageProductDependencies = (
				E25D1DB82C203C8800C06E19 /* Cepheus */,
				E2ED59C12C305916007F04AD /* Vela */,
				E9CE39E82C312B2F00C773A3 /* Cepheus */,
				E94DE8B12C50EA1D00EE5500 /* Pictor */,
				E9BAFE312C5A0FF700B24FDE /* Pictor */,
				E9BAFE342C5A100D00B24FDE /* Vela */,
				E9BAFE372C5A10A300B24FDE /* Cepheus */,
			);
			productName = "Project Iris Watch App";
			productReference = E2B2A4E82AE16A4C005E73AB /* Project Iris Watch App.app */;
			productType = "com.apple.product-type.application";
		};
		E2B2A4F92AE16A4D005E73AB /* Project Iris Watch AppTests */ = {
			isa = PBXNativeTarget;
			buildConfigurationList = E2B2A5152AE16A4D005E73AB /* Build configuration list for PBXNativeTarget "Project Iris Watch AppTests" */;
			buildPhases = (
				E2B2A4F62AE16A4D005E73AB /* Sources */,
				E2B2A4F72AE16A4D005E73AB /* Frameworks */,
				E2B2A4F82AE16A4D005E73AB /* Resources */,
			);
			buildRules = (
			);
			dependencies = (
				E2B2A4FC2AE16A4D005E73AB /* PBXTargetDependency */,
			);
			name = "Project Iris Watch AppTests";
			productName = "Project Iris Watch AppTests";
			productReference = E2B2A4FA2AE16A4D005E73AB /* Project Iris Watch AppTests.xctest */;
			productType = "com.apple.product-type.bundle.unit-test";
		};
		E2B2A5032AE16A4D005E73AB /* Project Iris Watch AppUITests */ = {
			isa = PBXNativeTarget;
			buildConfigurationList = E2B2A5182AE16A4D005E73AB /* Build configuration list for PBXNativeTarget "Project Iris Watch AppUITests" */;
			buildPhases = (
				E2B2A5002AE16A4D005E73AB /* Sources */,
				E2B2A5012AE16A4D005E73AB /* Frameworks */,
				E2B2A5022AE16A4D005E73AB /* Resources */,
			);
			buildRules = (
			);
			dependencies = (
				E2B2A5062AE16A4D005E73AB /* PBXTargetDependency */,
			);
			name = "Project Iris Watch AppUITests";
			productName = "Project Iris Watch AppUITests";
			productReference = E2B2A5042AE16A4D005E73AB /* Project Iris Watch AppUITests.xctest */;
			productType = "com.apple.product-type.bundle.ui-testing";
		};
/* End PBXNativeTarget section */

/* Begin PBXProject section */
		E2B2A4DC2AE16A4C005E73AB /* Project object */ = {
			isa = PBXProject;
			attributes = {
				BuildIndependentTargetsInParallel = 1;
				LastSwiftUpdateCheck = 1500;
				LastUpgradeCheck = 1600;
				TargetAttributes = {
					E2B2A4E12AE16A4C005E73AB = {
						CreatedOnToolsVersion = 15.0;
					};
					E2B2A4E72AE16A4C005E73AB = {
						CreatedOnToolsVersion = 15.0;
					};
					E2B2A4F92AE16A4D005E73AB = {
						CreatedOnToolsVersion = 15.0;
						TestTargetID = E2B2A4E72AE16A4C005E73AB;
					};
					E2B2A5032AE16A4D005E73AB = {
						CreatedOnToolsVersion = 15.0;
						TestTargetID = E2B2A4E72AE16A4C005E73AB;
					};
				};
			};
			buildConfigurationList = E2B2A4DF2AE16A4C005E73AB /* Build configuration list for PBXProject "Project Iris" */;
			compatibilityVersion = "Xcode 14.0";
			developmentRegion = en;
			hasScannedForEncodings = 0;
			knownRegions = (
				en,
				"zh-Hans",
				ar,
				fr,
				ru,
				es,
				ja,
				ko,
				th,
				vi,
				it,
				de,
				"zh-Hant",
				Base,
				hi,
				nl,
				tr,
				uk,
				pl,
				id,
			);
			mainGroup = E2B2A4DB2AE16A4C005E73AB;
			packageReferences = (
				E9BAFE302C5A0FF700B24FDE /* XCRemoteSwiftPackageReference "Pictor" */,
				E9BAFE332C5A100D00B24FDE /* XCRemoteSwiftPackageReference "Vela" */,
				E9BAFE362C5A10A300B24FDE /* XCRemoteSwiftPackageReference "Cepheus" */,
			);
			productRefGroup = E2B2A4E32AE16A4C005E73AB /* Products */;
			projectDirPath = "";
			projectRoot = "";
			targets = (
				E2B2A4E12AE16A4C005E73AB /* Project Iris */,
				E2B2A4E72AE16A4C005E73AB /* Project Iris Watch App */,
				E2B2A4F92AE16A4D005E73AB /* Project Iris Watch AppTests */,
				E2B2A5032AE16A4D005E73AB /* Project Iris Watch AppUITests */,
			);
		};
/* End PBXProject section */

/* Begin PBXResourcesBuildPhase section */
		E2B2A4E02AE16A4C005E73AB /* Resources */ = {
			isa = PBXResourcesBuildPhase;
			buildActionMask = 2147483647;
			files = (
				E29B83D32BB44530003F1F24 /* Localizable.xcstrings in Resources */,
			);
			runOnlyForDeploymentPostprocessing = 0;
		};
		E2B2A4E62AE16A4C005E73AB /* Resources */ = {
			isa = PBXResourcesBuildPhase;
			buildActionMask = 2147483647;
			files = (
				E2B2A4F52AE16A4D005E73AB /* Preview Assets.xcassets in Resources */,
				E25EA8332B6C013500BFEC6E /* Localizable.xcstrings in Resources */,
				E9F619BD2C4104DD00B754A3 /* unlockTip.wav in Resources */,
				E29B83D82BB4580B003F1F24 /* PrivacyInfo.xcprivacy in Resources */,
				E2B2A4F22AE16A4D005E73AB /* Assets.xcassets in Resources */,
				E97CF4422C3D8075006E6A5B /* TopLevelDomainList.txt in Resources */,
			);
			runOnlyForDeploymentPostprocessing = 0;
		};
		E2B2A4F82AE16A4D005E73AB /* Resources */ = {
			isa = PBXResourcesBuildPhase;
			buildActionMask = 2147483647;
			files = (
			);
			runOnlyForDeploymentPostprocessing = 0;
		};
		E2B2A5022AE16A4D005E73AB /* Resources */ = {
			isa = PBXResourcesBuildPhase;
			buildActionMask = 2147483647;
			files = (
			);
			runOnlyForDeploymentPostprocessing = 0;
		};
/* End PBXResourcesBuildPhase section */

/* Begin PBXSourcesBuildPhase section */
		E2B2A4E42AE16A4C005E73AB /* Sources */ = {
			isa = PBXSourcesBuildPhase;
			buildActionMask = 2147483647;
			files = (
				E9E21FDC2C3AED4100C8161C /* NewFearturesView.swift in Sources */,
				E912A35A2C5BEA9D004D9038 /* SettingsInterfaceView.swift in Sources */,
				E9EBFB8C2C39520C00E16268 /* CreditView.swift in Sources */,
				E2B2A4F02AE16A4C005E73AB /* ContentView.swift in Sources */,
				E25EA8352B6C028200BFEC6E /* AboutView.swift in Sources */,
				E20406C12AE3A62600A740B2 /* SettingsView.swift in Sources */,
				E20406BF2AE3A0FF00A740B2 /* PasscodeView.swift in Sources */,
				E25EA83D2B713FF700BFEC6E /* CarinaView.swift in Sources */,
				E20406C32AE3A83000A740B2 /* HistoryView.swift in Sources */,
				E25EA8312B6BEC0B00BFEC6E /* BookmarksView.swift in Sources */,
				E25EA8412B72013100BFEC6E /* CarinaDetailView.swift in Sources */,
				E2B2A4EE2AE16A4C005E73AB /* Project_IrisApp.swift in Sources */,
				E25EA83F2B71423A00BFEC6E /* CarinaNewView.swift in Sources */,
			);
			runOnlyForDeploymentPostprocessing = 0;
		};
		E2B2A4F62AE16A4D005E73AB /* Sources */ = {
			isa = PBXSourcesBuildPhase;
			buildActionMask = 2147483647;
			files = (
				E2B2A4FF2AE16A4D005E73AB /* Project_Iris_Watch_AppTests.swift in Sources */,
			);
			runOnlyForDeploymentPostprocessing = 0;
		};
		E2B2A5002AE16A4D005E73AB /* Sources */ = {
			isa = PBXSourcesBuildPhase;
			buildActionMask = 2147483647;
			files = (
				E2B2A5092AE16A4D005E73AB /* Project_Iris_Watch_AppUITests.swift in Sources */,
				E2B2A50B2AE16A4D005E73AB /* Project_Iris_Watch_AppUITestsLaunchTests.swift in Sources */,
			);
			runOnlyForDeploymentPostprocessing = 0;
		};
/* End PBXSourcesBuildPhase section */

/* Begin PBXTargetDependency section */
		E2B2A4EB2AE16A4C005E73AB /* PBXTargetDependency */ = {
			isa = PBXTargetDependency;
			target = E2B2A4E72AE16A4C005E73AB /* Project Iris Watch App */;
			targetProxy = E2B2A4EA2AE16A4C005E73AB /* PBXContainerItemProxy */;
		};
		E2B2A4FC2AE16A4D005E73AB /* PBXTargetDependency */ = {
			isa = PBXTargetDependency;
			target = E2B2A4E72AE16A4C005E73AB /* Project Iris Watch App */;
			targetProxy = E2B2A4FB2AE16A4D005E73AB /* PBXContainerItemProxy */;
		};
		E2B2A5062AE16A4D005E73AB /* PBXTargetDependency */ = {
			isa = PBXTargetDependency;
			target = E2B2A4E72AE16A4C005E73AB /* Project Iris Watch App */;
			targetProxy = E2B2A5052AE16A4D005E73AB /* PBXContainerItemProxy */;
		};
/* End PBXTargetDependency section */

/* Begin XCBuildConfiguration section */
		E2B2A50C2AE16A4D005E73AB /* Debug */ = {
			isa = XCBuildConfiguration;
			buildSettings = {
				ALWAYS_SEARCH_USER_PATHS = NO;
				ASSETCATALOG_COMPILER_GENERATE_SWIFT_ASSET_SYMBOL_EXTENSIONS = YES;
				CLANG_ANALYZER_LOCALIZABILITY_NONLOCALIZED = YES;
				CLANG_ANALYZER_NONNULL = YES;
				CLANG_ANALYZER_NUMBER_OBJECT_CONVERSION = YES_AGGRESSIVE;
				CLANG_CXX_LANGUAGE_STANDARD = "gnu++20";
				CLANG_ENABLE_MODULES = YES;
				CLANG_ENABLE_OBJC_ARC = YES;
				CLANG_ENABLE_OBJC_WEAK = YES;
				CLANG_WARN_BLOCK_CAPTURE_AUTORELEASING = YES;
				CLANG_WARN_BOOL_CONVERSION = YES;
				CLANG_WARN_COMMA = YES;
				CLANG_WARN_CONSTANT_CONVERSION = YES;
				CLANG_WARN_DEPRECATED_OBJC_IMPLEMENTATIONS = YES;
				CLANG_WARN_DIRECT_OBJC_ISA_USAGE = YES_ERROR;
				CLANG_WARN_DOCUMENTATION_COMMENTS = YES;
				CLANG_WARN_EMPTY_BODY = YES;
				CLANG_WARN_ENUM_CONVERSION = YES;
				CLANG_WARN_INFINITE_RECURSION = YES;
				CLANG_WARN_INT_CONVERSION = YES;
				CLANG_WARN_NON_LITERAL_NULL_CONVERSION = YES;
				CLANG_WARN_OBJC_IMPLICIT_RETAIN_SELF = YES;
				CLANG_WARN_OBJC_LITERAL_CONVERSION = YES;
				CLANG_WARN_OBJC_ROOT_CLASS = YES_ERROR;
				CLANG_WARN_QUOTED_INCLUDE_IN_FRAMEWORK_HEADER = YES;
				CLANG_WARN_RANGE_LOOP_ANALYSIS = YES;
				CLANG_WARN_STRICT_PROTOTYPES = YES;
				CLANG_WARN_SUSPICIOUS_MOVE = YES;
				CLANG_WARN_UNGUARDED_AVAILABILITY = YES_AGGRESSIVE;
				CLANG_WARN_UNREACHABLE_CODE = YES;
				CLANG_WARN__DUPLICATE_METHOD_MATCH = YES;
				COPY_PHASE_STRIP = NO;
				DEAD_CODE_STRIPPING = YES;
				DEBUG_INFORMATION_FORMAT = dwarf;
				ENABLE_STRICT_OBJC_MSGSEND = YES;
				ENABLE_TESTABILITY = YES;
				ENABLE_USER_SCRIPT_SANDBOXING = YES;
				GCC_C_LANGUAGE_STANDARD = gnu17;
				GCC_DYNAMIC_NO_PIC = NO;
				GCC_NO_COMMON_BLOCKS = YES;
				GCC_OPTIMIZATION_LEVEL = 0;
				GCC_PREPROCESSOR_DEFINITIONS = (
					"DEBUG=1",
					"$(inherited)",
				);
				GCC_WARN_64_TO_32_BIT_CONVERSION = YES;
				GCC_WARN_ABOUT_RETURN_TYPE = YES_ERROR;
				GCC_WARN_UNDECLARED_SELECTOR = YES;
				GCC_WARN_UNINITIALIZED_AUTOS = YES_AGGRESSIVE;
				GCC_WARN_UNUSED_FUNCTION = YES;
				GCC_WARN_UNUSED_VARIABLE = YES;
				LOCALIZATION_PREFERS_STRING_CATALOGS = YES;
				MTL_ENABLE_DEBUG_INFO = INCLUDE_SOURCE;
				MTL_FAST_MATH = YES;
				ONLY_ACTIVE_ARCH = YES;
				SWIFT_ACTIVE_COMPILATION_CONDITIONS = "DEBUG $(inherited)";
				SWIFT_OPTIMIZATION_LEVEL = "-Onone";
			};
			name = Debug;
		};
		E2B2A50D2AE16A4D005E73AB /* Release */ = {
			isa = XCBuildConfiguration;
			buildSettings = {
				ALWAYS_SEARCH_USER_PATHS = NO;
				ASSETCATALOG_COMPILER_GENERATE_SWIFT_ASSET_SYMBOL_EXTENSIONS = YES;
				CLANG_ANALYZER_LOCALIZABILITY_NONLOCALIZED = YES;
				CLANG_ANALYZER_NONNULL = YES;
				CLANG_ANALYZER_NUMBER_OBJECT_CONVERSION = YES_AGGRESSIVE;
				CLANG_CXX_LANGUAGE_STANDARD = "gnu++20";
				CLANG_ENABLE_MODULES = YES;
				CLANG_ENABLE_OBJC_ARC = YES;
				CLANG_ENABLE_OBJC_WEAK = YES;
				CLANG_WARN_BLOCK_CAPTURE_AUTORELEASING = YES;
				CLANG_WARN_BOOL_CONVERSION = YES;
				CLANG_WARN_COMMA = YES;
				CLANG_WARN_CONSTANT_CONVERSION = YES;
				CLANG_WARN_DEPRECATED_OBJC_IMPLEMENTATIONS = YES;
				CLANG_WARN_DIRECT_OBJC_ISA_USAGE = YES_ERROR;
				CLANG_WARN_DOCUMENTATION_COMMENTS = YES;
				CLANG_WARN_EMPTY_BODY = YES;
				CLANG_WARN_ENUM_CONVERSION = YES;
				CLANG_WARN_INFINITE_RECURSION = YES;
				CLANG_WARN_INT_CONVERSION = YES;
				CLANG_WARN_NON_LITERAL_NULL_CONVERSION = YES;
				CLANG_WARN_OBJC_IMPLICIT_RETAIN_SELF = YES;
				CLANG_WARN_OBJC_LITERAL_CONVERSION = YES;
				CLANG_WARN_OBJC_ROOT_CLASS = YES_ERROR;
				CLANG_WARN_QUOTED_INCLUDE_IN_FRAMEWORK_HEADER = YES;
				CLANG_WARN_RANGE_LOOP_ANALYSIS = YES;
				CLANG_WARN_STRICT_PROTOTYPES = YES;
				CLANG_WARN_SUSPICIOUS_MOVE = YES;
				CLANG_WARN_UNGUARDED_AVAILABILITY = YES_AGGRESSIVE;
				CLANG_WARN_UNREACHABLE_CODE = YES;
				CLANG_WARN__DUPLICATE_METHOD_MATCH = YES;
				COPY_PHASE_STRIP = NO;
				DEAD_CODE_STRIPPING = YES;
				DEBUG_INFORMATION_FORMAT = "dwarf-with-dsym";
				ENABLE_NS_ASSERTIONS = NO;
				ENABLE_STRICT_OBJC_MSGSEND = YES;
				ENABLE_USER_SCRIPT_SANDBOXING = YES;
				GCC_C_LANGUAGE_STANDARD = gnu17;
				GCC_NO_COMMON_BLOCKS = YES;
				GCC_WARN_64_TO_32_BIT_CONVERSION = YES;
				GCC_WARN_ABOUT_RETURN_TYPE = YES_ERROR;
				GCC_WARN_UNDECLARED_SELECTOR = YES;
				GCC_WARN_UNINITIALIZED_AUTOS = YES_AGGRESSIVE;
				GCC_WARN_UNUSED_FUNCTION = YES;
				GCC_WARN_UNUSED_VARIABLE = YES;
				LOCALIZATION_PREFERS_STRING_CATALOGS = YES;
				MTL_ENABLE_DEBUG_INFO = NO;
				MTL_FAST_MATH = YES;
				SWIFT_COMPILATION_MODE = wholemodule;
			};
			name = Release;
		};
		E2B2A50F2AE16A4D005E73AB /* Debug */ = {
			isa = XCBuildConfiguration;
			buildSettings = {
				ASSETCATALOG_COMPILER_APPICON_NAME = AppIcon;
				ASSETCATALOG_COMPILER_GLOBAL_ACCENT_COLOR_NAME = AccentColor;
				CODE_SIGN_ENTITLEMENTS = "Project Iris Watch App/Project Iris Watch App.entitlements";
				CODE_SIGN_STYLE = Automatic;
				CURRENT_PROJECT_VERSION = 1;
				DEVELOPMENT_ASSET_PATHS = "\"Project Iris Watch App/Preview Content\"";
				DEVELOPMENT_TEAM = MU2GGQV46U;
				ENABLE_PREVIEWS = YES;
				GENERATE_INFOPLIST_FILE = YES;
				INFOPLIST_FILE = "Project-Iris-Watch-App-Info.plist";
				INFOPLIST_KEY_CFBundleDisplayName = "Project Iris";
				INFOPLIST_KEY_UISupportedInterfaceOrientations = "UIInterfaceOrientationPortrait UIInterfaceOrientationPortraitUpsideDown";
				INFOPLIST_KEY_WKWatchOnly = YES;
				LD_RUNPATH_SEARCH_PATHS = (
					"$(inherited)",
					"@executable_path/Frameworks",
				);
				MARKETING_VERSION = 2.1.1;
				PRODUCT_BUNDLE_IDENTIFIER = "com.Arctic.Project-Iris.watchkitapp";
				PRODUCT_NAME = "$(TARGET_NAME)";
				SDKROOT = watchos;
				SKIP_INSTALL = YES;
				SWIFT_EMIT_LOC_STRINGS = YES;
				SWIFT_VERSION = 5.0;
				TARGETED_DEVICE_FAMILY = 4;
				WATCHOS_DEPLOYMENT_TARGET = 9.4;
			};
			name = Debug;
		};
		E2B2A5102AE16A4D005E73AB /* Release */ = {
			isa = XCBuildConfiguration;
			buildSettings = {
				ASSETCATALOG_COMPILER_APPICON_NAME = AppIcon;
				ASSETCATALOG_COMPILER_GLOBAL_ACCENT_COLOR_NAME = AccentColor;
				CODE_SIGN_ENTITLEMENTS = "Project Iris Watch App/Project Iris Watch App.entitlements";
				CODE_SIGN_STYLE = Automatic;
				CURRENT_PROJECT_VERSION = 1;
				DEVELOPMENT_ASSET_PATHS = "\"Project Iris Watch App/Preview Content\"";
				DEVELOPMENT_TEAM = MU2GGQV46U;
				ENABLE_PREVIEWS = YES;
				GENERATE_INFOPLIST_FILE = YES;
				INFOPLIST_FILE = "Project-Iris-Watch-App-Info.plist";
				INFOPLIST_KEY_CFBundleDisplayName = "Project Iris";
				INFOPLIST_KEY_UISupportedInterfaceOrientations = "UIInterfaceOrientationPortrait UIInterfaceOrientationPortraitUpsideDown";
				INFOPLIST_KEY_WKWatchOnly = YES;
				LD_RUNPATH_SEARCH_PATHS = (
					"$(inherited)",
					"@executable_path/Frameworks",
				);
				MARKETING_VERSION = 2.1.1;
				PRODUCT_BUNDLE_IDENTIFIER = "com.Arctic.Project-Iris.watchkitapp";
				PRODUCT_NAME = "$(TARGET_NAME)";
				SDKROOT = watchos;
				SKIP_INSTALL = YES;
				SWIFT_EMIT_LOC_STRINGS = YES;
				SWIFT_VERSION = 5.0;
				TARGETED_DEVICE_FAMILY = 4;
				VALIDATE_PRODUCT = YES;
				WATCHOS_DEPLOYMENT_TARGET = 9.4;
			};
			name = Release;
		};
		E2B2A5132AE16A4D005E73AB /* Debug */ = {
			isa = XCBuildConfiguration;
			buildSettings = {
				CODE_SIGN_STYLE = Automatic;
				CURRENT_PROJECT_VERSION = 1;
				DEVELOPMENT_TEAM = MU2GGQV46U;
				INFOPLIST_KEY_CFBundleDisplayName = "Project Iris";
				IPHONEOS_DEPLOYMENT_TARGET = 13.0;
				MARKETING_VERSION = 2.1.1;
				PRODUCT_BUNDLE_IDENTIFIER = "com.Arctic.Project-Iris";
				PRODUCT_NAME = "$(TARGET_NAME)";
				SDKROOT = iphoneos;
				SWIFT_VERSION = 5.0;
			};
			name = Debug;
		};
		E2B2A5142AE16A4D005E73AB /* Release */ = {
			isa = XCBuildConfiguration;
			buildSettings = {
				CODE_SIGN_STYLE = Automatic;
				CURRENT_PROJECT_VERSION = 1;
				DEVELOPMENT_TEAM = MU2GGQV46U;
				INFOPLIST_KEY_CFBundleDisplayName = "Project Iris";
				IPHONEOS_DEPLOYMENT_TARGET = 13.0;
				MARKETING_VERSION = 2.1.1;
				PRODUCT_BUNDLE_IDENTIFIER = "com.Arctic.Project-Iris";
				PRODUCT_NAME = "$(TARGET_NAME)";
				SDKROOT = iphoneos;
				SWIFT_VERSION = 5.0;
				VALIDATE_PRODUCT = YES;
			};
			name = Release;
		};
		E2B2A5162AE16A4D005E73AB /* Debug */ = {
			isa = XCBuildConfiguration;
			buildSettings = {
				BUNDLE_LOADER = "$(TEST_HOST)";
				CODE_SIGN_STYLE = Automatic;
				CURRENT_PROJECT_VERSION = 1;
				DEVELOPMENT_TEAM = MU2GGQV46U;
				GENERATE_INFOPLIST_FILE = YES;
				MARKETING_VERSION = 1.0;
				PRODUCT_BUNDLE_IDENTIFIER = "com.Arctic.Project-Iris-Watch-AppTests";
				PRODUCT_NAME = "$(TARGET_NAME)";
				SDKROOT = watchos;
				SWIFT_EMIT_LOC_STRINGS = NO;
				SWIFT_VERSION = 5.0;
				TARGETED_DEVICE_FAMILY = 4;
				TEST_HOST = "$(BUILT_PRODUCTS_DIR)/Project Iris Watch App.app/$(BUNDLE_EXECUTABLE_FOLDER_PATH)/Project Iris Watch App";
				WATCHOS_DEPLOYMENT_TARGET = 10.0;
			};
			name = Debug;
		};
		E2B2A5172AE16A4D005E73AB /* Release */ = {
			isa = XCBuildConfiguration;
			buildSettings = {
				BUNDLE_LOADER = "$(TEST_HOST)";
				CODE_SIGN_STYLE = Automatic;
				CURRENT_PROJECT_VERSION = 1;
				DEVELOPMENT_TEAM = MU2GGQV46U;
				GENERATE_INFOPLIST_FILE = YES;
				MARKETING_VERSION = 1.0;
				PRODUCT_BUNDLE_IDENTIFIER = "com.Arctic.Project-Iris-Watch-AppTests";
				PRODUCT_NAME = "$(TARGET_NAME)";
				SDKROOT = watchos;
				SWIFT_EMIT_LOC_STRINGS = NO;
				SWIFT_VERSION = 5.0;
				TARGETED_DEVICE_FAMILY = 4;
				TEST_HOST = "$(BUILT_PRODUCTS_DIR)/Project Iris Watch App.app/$(BUNDLE_EXECUTABLE_FOLDER_PATH)/Project Iris Watch App";
				VALIDATE_PRODUCT = YES;
				WATCHOS_DEPLOYMENT_TARGET = 10.0;
			};
			name = Release;
		};
		E2B2A5192AE16A4D005E73AB /* Debug */ = {
			isa = XCBuildConfiguration;
			buildSettings = {
				CODE_SIGN_STYLE = Automatic;
				CURRENT_PROJECT_VERSION = 1;
				DEVELOPMENT_TEAM = MU2GGQV46U;
				GENERATE_INFOPLIST_FILE = YES;
				MARKETING_VERSION = 1.0;
				PRODUCT_BUNDLE_IDENTIFIER = "com.Arctic.Project-Iris-Watch-AppUITests";
				PRODUCT_NAME = "$(TARGET_NAME)";
				SDKROOT = watchos;
				SWIFT_EMIT_LOC_STRINGS = NO;
				SWIFT_VERSION = 5.0;
				TARGETED_DEVICE_FAMILY = 4;
				TEST_TARGET_NAME = "Project Iris Watch App";
				WATCHOS_DEPLOYMENT_TARGET = 10.0;
			};
			name = Debug;
		};
		E2B2A51A2AE16A4D005E73AB /* Release */ = {
			isa = XCBuildConfiguration;
			buildSettings = {
				CODE_SIGN_STYLE = Automatic;
				CURRENT_PROJECT_VERSION = 1;
				DEVELOPMENT_TEAM = MU2GGQV46U;
				GENERATE_INFOPLIST_FILE = YES;
				MARKETING_VERSION = 1.0;
				PRODUCT_BUNDLE_IDENTIFIER = "com.Arctic.Project-Iris-Watch-AppUITests";
				PRODUCT_NAME = "$(TARGET_NAME)";
				SDKROOT = watchos;
				SWIFT_EMIT_LOC_STRINGS = NO;
				SWIFT_VERSION = 5.0;
				TARGETED_DEVICE_FAMILY = 4;
				TEST_TARGET_NAME = "Project Iris Watch App";
				VALIDATE_PRODUCT = YES;
				WATCHOS_DEPLOYMENT_TARGET = 10.0;
			};
			name = Release;
		};
/* End XCBuildConfiguration section */

/* Begin XCConfigurationList section */
		E2B2A4DF2AE16A4C005E73AB /* Build configuration list for PBXProject "Project Iris" */ = {
			isa = XCConfigurationList;
			buildConfigurations = (
				E2B2A50C2AE16A4D005E73AB /* Debug */,
				E2B2A50D2AE16A4D005E73AB /* Release */,
			);
			defaultConfigurationIsVisible = 0;
			defaultConfigurationName = Release;
		};
		E2B2A50E2AE16A4D005E73AB /* Build configuration list for PBXNativeTarget "Project Iris Watch App" */ = {
			isa = XCConfigurationList;
			buildConfigurations = (
				E2B2A50F2AE16A4D005E73AB /* Debug */,
				E2B2A5102AE16A4D005E73AB /* Release */,
			);
			defaultConfigurationIsVisible = 0;
			defaultConfigurationName = Release;
		};
		E2B2A5122AE16A4D005E73AB /* Build configuration list for PBXNativeTarget "Project Iris" */ = {
			isa = XCConfigurationList;
			buildConfigurations = (
				E2B2A5132AE16A4D005E73AB /* Debug */,
				E2B2A5142AE16A4D005E73AB /* Release */,
			);
			defaultConfigurationIsVisible = 0;
			defaultConfigurationName = Release;
		};
		E2B2A5152AE16A4D005E73AB /* Build configuration list for PBXNativeTarget "Project Iris Watch AppTests" */ = {
			isa = XCConfigurationList;
			buildConfigurations = (
				E2B2A5162AE16A4D005E73AB /* Debug */,
				E2B2A5172AE16A4D005E73AB /* Release */,
			);
			defaultConfigurationIsVisible = 0;
			defaultConfigurationName = Release;
		};
		E2B2A5182AE16A4D005E73AB /* Build configuration list for PBXNativeTarget "Project Iris Watch AppUITests" */ = {
			isa = XCConfigurationList;
			buildConfigurations = (
				E2B2A5192AE16A4D005E73AB /* Debug */,
				E2B2A51A2AE16A4D005E73AB /* Release */,
			);
			defaultConfigurationIsVisible = 0;
			defaultConfigurationName = Release;
		};
/* End XCConfigurationList section */

/* Begin XCRemoteSwiftPackageReference section */
		E9BAFE302C5A0FF700B24FDE /* XCRemoteSwiftPackageReference "Pictor" */ = {
			isa = XCRemoteSwiftPackageReference;
			repositoryURL = "https://github.com/Serene-Garden/Pictor";
			requirement = {
				branch = main;
				kind = branch;
			};
		};
		E9BAFE332C5A100D00B24FDE /* XCRemoteSwiftPackageReference "Vela" */ = {
			isa = XCRemoteSwiftPackageReference;
			repositoryURL = "https://github.com/Serene-Garden/Vela";
			requirement = {
				branch = main;
				kind = branch;
			};
		};
		E9BAFE362C5A10A300B24FDE /* XCRemoteSwiftPackageReference "Cepheus" */ = {
			isa = XCRemoteSwiftPackageReference;
			repositoryURL = "https://github.com/Serene-Garden/Cepheus";
			requirement = {
				branch = main;
				kind = branch;
			};
		};
/* End XCRemoteSwiftPackageReference section */

/* Begin XCSwiftPackageProductDependency section */
		E25D1DB82C203C8800C06E19 /* Cepheus */ = {
			isa = XCSwiftPackageProductDependency;
			productName = Cepheus;
		};
		E2ED59C12C305916007F04AD /* Vela */ = {
			isa = XCSwiftPackageProductDependency;
			productName = Vela;
		};
		E94DE8B12C50EA1D00EE5500 /* Pictor */ = {
			isa = XCSwiftPackageProductDependency;
			productName = Pictor;
		};
		E9BAFE312C5A0FF700B24FDE /* Pictor */ = {
			isa = XCSwiftPackageProductDependency;
			package = E9BAFE302C5A0FF700B24FDE /* XCRemoteSwiftPackageReference "Pictor" */;
			productName = Pictor;
		};
		E9BAFE342C5A100D00B24FDE /* Vela */ = {
			isa = XCSwiftPackageProductDependency;
			package = E9BAFE332C5A100D00B24FDE /* XCRemoteSwiftPackageReference "Vela" */;
			productName = Vela;
		};
		E9BAFE372C5A10A300B24FDE /* Cepheus */ = {
			isa = XCSwiftPackageProductDependency;
			package = E9BAFE362C5A10A300B24FDE /* XCRemoteSwiftPackageReference "Cepheus" */;
			productName = Cepheus;
		};
		E9CE39E82C312B2F00C773A3 /* Cepheus */ = {
			isa = XCSwiftPackageProductDependency;
			productName = Cepheus;
		};
/* End XCSwiftPackageProductDependency section */
	};
	rootObject = E2B2A4DC2AE16A4C005E73AB /* Project object */;
}
