{
  "originHash" : "1ad213214761cbedba5560c4d4f83154e412cf561ba017c3b83c06e4583539c9",
  "pins" : [
    {
      "identity" : "cepheus",
      "kind" : "remoteSourceControl",
      "location" : "https://github.com/Serene-Garden/Cepheus",
      "state" : {
        "branch" : "main",
        "revision" : "242ec8bc458fb2c0ca1c749572e7582eef7f0696"
      }
    },
    {
      "identity" : "dynamic",
      "kind" : "remoteSourceControl",
      "location" : "https://github.com/mhdhejazi/Dynamic",
      "state" : {
        "revision" : "ab9a2570862d54aed2663691bb767f881226a12f",
        "version" : "1.2.0"
      }
    },
    {
      "identity" : "pictor",
      "kind" : "remoteSourceControl",
      "location" : "https://github.com/Serene-Garden/Pictor",
      "state" : {
        "branch" : "main",
        "revision" : "4e6f6bff49f2248a137fb8e3d0b53e137ef05d84"
      }
    },
    {
      "identity" : "solartime",
      "kind" : "remoteSourceControl",
      "location" : "https://github.com/tgymnich/SolarTime",
      "state" : {
        "revision" : "bcab2be779abed9a16867fa06909eefd72c4efab",
        "version" : "0.0.2"
      }
    },
    {
      "identity" : "swiftsoup",
      "kind" : "remoteSourceControl",
      "location" : "https://github.com/scinfu/SwiftSoup",
      "state" : {
        "revision" : "3c2c7e1e72b8abd96eafbae80323c5c1e5317437",
        "version" : "2.7.5"
      }
    },
    {
      "identity" : "vela",
      "kind" : "remoteSourceControl",
      "location" : "https://github.com/Serene-Garden/Vela",
      "state" : {
        "branch" : "main",
        "revision" : "6e350f917b779e7a16fb5240de4b0420e24b5050"
      }
    }
  ],
  "version" : 3
}
