{
  "originHash" : "2ad8c065dc08354f384490f3634765ad845217c0932d8ed86ddb0387a4bc3447",
  "pins" : [
    {
      "identity" : "cepheus",
      "kind" : "remoteSourceControl",
      "location" : "https://github.com/Serene-Garden/Cepheus",
      "state" : {
        "branch" : "main",
        "revision" : "17cef53e77b7b85297356a5b2b7f3627f6afb8ea"
      }
    },
    {
      "identity" : "dynamic",
      "kind" : "remoteSourceControl",
      "location" : "https://github.com/mhdhejazi/Dynamic",
      "state" : {
        "revision" : "ab9a2570862d54aed2663691bb767f881226a12f",
        "version" : "1.2.0"
      }
    },
    {
      "identity" : "pictor",
      "kind" : "remoteSourceControl",
      "location" : "https://github.com/Serene-Garden/Pictor",
      "state" : {
        "branch" : "main",
        "revision" : "133ec3a34db461fa68c63b5c548f4265d95247d6"
      }
    },
    {
      "identity" : "vela",
      "kind" : "remoteSourceControl",
      "location" : "https://github.com/Serene-Garden/Vela",
      "state" : {
        "branch" : "main",
        "revision" : "6e350f917b779e7a16fb5240de4b0420e24b5050"
      }
    }
  ],
  "version" : 3
}
