{
  "originHash" : "e47c88cd8dddd980858d873697e975e118500056ff51038b67b832bacd14759d",
  "pins" : [
    {
      "identity" : "cepheus",
      "kind" : "remoteSourceControl",
      "location" : "https://github.com/Serene-Garden/Cepheus",
      "state" : {
        "branch" : "main",
        "revision" : "04b049ba99021e821f3a3945aced4112c10bd0ae"
      }
    },
    {
      "identity" : "pictor",
      "kind" : "remoteSourceControl",
      "location" : "https://github.com/Serene-Garden/Pictor",
      "state" : {
        "branch" : "main",
        "revision" : "b8a34956d3dc99e2b2b8b504df14c7a1e9d8948f"
      }
    },
    {
      "identity" : "radarkitcore",
      "kind" : "remoteSourceControl",
      "location" : "https://github.com/Darock-Studio/RadarKitCore",
      "state" : {
        "branch" : "main",
        "revision" : "0edc2cf9d07a0c52490060c95a7f44c94bf25ec1"
      }
    },
    {
      "identity" : "solartime",
      "kind" : "remoteSourceControl",
      "location" : "https://github.com/tgymnich/SolarTime",
      "state" : {
        "revision" : "bcab2be779abed9a16867fa06909eefd72c4efab",
        "version" : "0.0.2"
      }
    },
    {
      "identity" : "swiftsoup",
      "kind" : "remoteSourceControl",
      "location" : "https://github.com/scinfu/SwiftSoup",
      "state" : {
        "revision" : "3c2c7e1e72b8abd96eafbae80323c5c1e5317437",
        "version" : "2.7.5"
      }
    },
    {
      "identity" : "vela",
      "kind" : "remoteSourceControl",
      "location" : "https://github.com/Serene-Garden/Vela",
      "state" : {
        "branch" : "main",
        "revision" : "6e350f917b779e7a16fb5240de4b0420e24b5050"
      }
    }
  ],
  "version" : 3
}
